
Microsoft Visual Studio Solution File, Format Version 12.00
# Visual Studio 14
VisualStudioVersion = 14.0.25123.0
MinimumVisualStudioVersion = 10.0.40219.1
Project("{FAE04EC0-301F-11D3-BF4B-00C04F79EFBC}") = "PROJECT.Plugins", "src\plugin\PROJECT.Plugins.csproj", "{4D550D6F-8910-4B41-848F-5959C0BEC8EF}"
EndProject
Project("{FAE04EC0-301F-11D3-BF4B-00C04F79EFBC}") = "PROJECT.App", "src\app\PROJECT.App.csproj", "{2DF403DF-DA54-4ACA-B092-BCE02FAF1ABF}"
EndProject
Project("{FAE04EC0-301F-11D3-BF4B-00C04F79EFBC}") = "PROJECT.Tests", "src\test\PROJECT.Tests.csproj", "{5DFBA1D4-71B3-4CF2-B02F-B44B316148C0}"
EndProject
Project("{2150E333-8FDC-42A3-9474-1A3956D46DE8}") = "@Build", "@Build", "{8750968E-BA45-403E-949F-0FF69B637AB0}"
	ProjectSection(SolutionItems) = preProject
		00_boot.bat = 00_boot.bat
		01_boot_and_build.bat = 01_boot_and_build.bat
		02_build.bat = 02_build.bat
	EndProjectSection
EndProject
Project("{FAE04EC0-301F-11D3-BF4B-00C04F79EFBC}") = "PROJECT.FromScripts", "src\js\PROJECT.FromScripts.csproj", "{D0C901C3-D37D-4B3E-A71A-987D71A8704E}"
EndProject
Global
	GlobalSection(SolutionConfigurationPlatforms) = preSolution
		Debug|Any CPU = Debug|Any CPU
		Release|Any CPU = Release|Any CPU
	EndGlobalSection
	GlobalSection(ProjectConfigurationPlatforms) = postSolution
		{4D550D6F-8910-4B41-848F-5959C0BEC8EF}.Debug|Any CPU.ActiveCfg = Debug|Any CPU
		{4D550D6F-8910-4B41-848F-5959C0BEC8EF}.Debug|Any CPU.Build.0 = Debug|Any CPU
		{4D550D6F-8910-4B41-848F-5959C0BEC8EF}.Release|Any CPU.ActiveCfg = Release|Any CPU
		{4D550D6F-8910-4B41-848F-5959C0BEC8EF}.Release|Any CPU.Build.0 = Release|Any CPU
		{2DF403DF-DA54-4ACA-B092-BCE02FAF1ABF}.Debug|Any CPU.ActiveCfg = Debug|Any CPU
		{2DF403DF-DA54-4ACA-B092-BCE02FAF1ABF}.Debug|Any CPU.Build.0 = Debug|Any CPU
		{2DF403DF-DA54-4ACA-B092-BCE02FAF1ABF}.Release|Any CPU.ActiveCfg = Release|Any CPU
		{2DF403DF-DA54-4ACA-B092-BCE02FAF1ABF}.Release|Any CPU.Build.0 = Release|Any CPU
		{5DFBA1D4-71B3-4CF2-B02F-B44B316148C0}.Debug|Any CPU.ActiveCfg = Debug|Any CPU
		{5DFBA1D4-71B3-4CF2-B02F-B44B316148C0}.Debug|Any CPU.Build.0 = Debug|Any CPU
		{5DFBA1D4-71B3-4CF2-B02F-B44B316148C0}.Release|Any CPU.ActiveCfg = Release|Any CPU
		{5DFBA1D4-71B3-4CF2-B02F-B44B316148C0}.Release|Any CPU.Build.0 = Release|Any CPU
		{D0C901C3-D37D-4B3E-A71A-987D71A8704E}.Debug|Any CPU.ActiveCfg = Debug|Any CPU
		{D0C901C3-D37D-4B3E-A71A-987D71A8704E}.Debug|Any CPU.Build.0 = Debug|Any CPU
		{D0C901C3-D37D-4B3E-A71A-987D71A8704E}.Release|Any CPU.ActiveCfg = Release|Any CPU
		{D0C901C3-D37D-4B3E-A71A-987D71A8704E}.Release|Any CPU.Build.0 = Release|Any CPU
	EndGlobalSection
	GlobalSection(SolutionProperties) = preSolution
		HideSolutionNode = FALSE
	EndGlobalSection
EndGlobal
